
Microsoft Visual Studio Solution File, Format Version 12.00
# Visual Studio Version 16
VisualStudioVersion = 16.0.809.5
MinimumVisualStudioVersion = 10.0.40219.1
Project("{FAE04EC0-301F-11D3-BF4B-00C04F79EFBC}") = "oop_lab2", "oop_lab2\oop_lab2.csproj", "{967880C5-0B6A-4571-AE11-D3E876D1EBC0}"
EndProject
Project("{FAE04EC0-301F-11D3-BF4B-00C04F79EFBC}") = "Unit_test_oop_lab2", "Unit_test_oop_lab2\Unit_test_oop_lab2.csproj", "{A2239C38-F5FD-4BDE-A2DB-091DD838B5CF}"
EndProject
Global
	GlobalSection(SolutionConfigurationPlatforms) = preSolution
		Debug|Any CPU = Debug|Any CPU
		Release|Any CPU = Release|Any CPU
	EndGlobalSection
	GlobalSection(ProjectConfigurationPlatforms) = postSolution
		{967880C5-0B6A-4571-AE11-D3E876D1EBC0}.Debug|Any CPU.ActiveCfg = Debug|Any CPU
		{967880C5-0B6A-4571-AE11-D3E876D1EBC0}.Debug|Any CPU.Build.0 = Debug|Any CPU
		{967880C5-0B6A-4571-AE11-D3E876D1EBC0}.Release|Any CPU.ActiveCfg = Release|Any CPU
		{967880C5-0B6A-4571-AE11-D3E876D1EBC0}.Release|Any CPU.Build.0 = Release|Any CPU
		{A2239C38-F5FD-4BDE-A2DB-091DD838B5CF}.Debug|Any CPU.ActiveCfg = Debug|Any CPU
		{A2239C38-F5FD-4BDE-A2DB-091DD838B5CF}.Debug|Any CPU.Build.0 = Debug|Any CPU
		{A2239C38-F5FD-4BDE-A2DB-091DD838B5CF}.Release|Any CPU.ActiveCfg = Release|Any CPU
		{A2239C38-F5FD-4BDE-A2DB-091DD838B5CF}.Release|Any CPU.Build.0 = Release|Any CPU
	EndGlobalSection
	GlobalSection(SolutionProperties) = preSolution
		HideSolutionNode = FALSE
	EndGlobalSection
	GlobalSection(ExtensibilityGlobals) = postSolution
		SolutionGuid = {2F4651CD-A042-4F1E-B827-CEDE0EBD86EF}
	EndGlobalSection
EndGlobal
